
Microsoft Visual Studio Solution File, Format Version 12.00
# Visual Studio Version 16
VisualStudioVersion = 16.0.30225.117
MinimumVisualStudioVersion = 10.0.40219.1
Project("{9A19103F-16F7-4668-BE54-9A1E7A4F7556}") = "Microting.MyMicrotingBase", "Microting.MyMicrotingBase\Microting.MyMicrotingBase.csproj", "{CE2096AB-AACF-422F-B200-84C3B87130F2}"
EndProject
Project("{2150E333-8FDC-42A3-9474-1A3956D46DE8}") = "Tests", "Tests", "{FB637703-F778-40AB-A21B-2F314061D08E}"
EndProject
Project("{FAE04EC0-301F-11D3-BF4B-00C04F79EFBC}") = "Microting.MyMicrotingBase.UnitTests", "Microting.MyMicrotingBase.UnitTests\Microting.MyMicrotingBase.UnitTests.csproj", "{1C768558-219F-4CA8-AD8F-4E0D299B1783}"
EndProject
Project("{FAE04EC0-301F-11D3-BF4B-00C04F79EFBC}") = "DBMigrator", "DBMigrator\DBMigrator.csproj", "{98530ABD-E03A-4B49-88FA-A18508A07984}"
EndProject
Global
	GlobalSection(SolutionConfigurationPlatforms) = preSolution
		Debug|Any CPU = Debug|Any CPU
		Release|Any CPU = Release|Any CPU
	EndGlobalSection
	GlobalSection(ProjectConfigurationPlatforms) = postSolution
		{CE2096AB-AACF-422F-B200-84C3B87130F2}.Debug|Any CPU.ActiveCfg = Debug|Any CPU
		{CE2096AB-AACF-422F-B200-84C3B87130F2}.Debug|Any CPU.Build.0 = Debug|Any CPU
		{CE2096AB-AACF-422F-B200-84C3B87130F2}.Release|Any CPU.ActiveCfg = Release|Any CPU
		{CE2096AB-AACF-422F-B200-84C3B87130F2}.Release|Any CPU.Build.0 = Release|Any CPU
		{1C768558-219F-4CA8-AD8F-4E0D299B1783}.Debug|Any CPU.ActiveCfg = Debug|Any CPU
		{1C768558-219F-4CA8-AD8F-4E0D299B1783}.Debug|Any CPU.Build.0 = Debug|Any CPU
		{1C768558-219F-4CA8-AD8F-4E0D299B1783}.Release|Any CPU.ActiveCfg = Release|Any CPU
		{1C768558-219F-4CA8-AD8F-4E0D299B1783}.Release|Any CPU.Build.0 = Release|Any CPU
		{98530ABD-E03A-4B49-88FA-A18508A07984}.Debug|Any CPU.ActiveCfg = Debug|Any CPU
		{98530ABD-E03A-4B49-88FA-A18508A07984}.Debug|Any CPU.Build.0 = Debug|Any CPU
		{98530ABD-E03A-4B49-88FA-A18508A07984}.Release|Any CPU.ActiveCfg = Release|Any CPU
		{98530ABD-E03A-4B49-88FA-A18508A07984}.Release|Any CPU.Build.0 = Release|Any CPU
	EndGlobalSection
	GlobalSection(SolutionProperties) = preSolution
		HideSolutionNode = FALSE
	EndGlobalSection
	GlobalSection(NestedProjects) = preSolution
		{1C768558-219F-4CA8-AD8F-4E0D299B1783} = {FB637703-F778-40AB-A21B-2F314061D08E}
	EndGlobalSection
	GlobalSection(ExtensibilityGlobals) = postSolution
		SolutionGuid = {8956D805-B5E9-41B4-A96A-0970E3E6086C}
	EndGlobalSection
EndGlobal
